
Microsoft Visual Studio Solution File, Format Version 12.00
# Visual Studio Version 17
VisualStudioVersion = 17.14.36429.23
MinimumVisualStudioVersion = 10.0.40219.1
Project("{FAE04EC0-301F-11D3-BF4B-00C04F79EFBC}") = "AGI.Kapster.Tests", "tests\AGI.Kapster.Tests\AGI.Kapster.Tests.csproj", "{C5187CF5-EA33-9DF5-62EC-AF122CA431F9}"
EndProject
Global
	GlobalSection(SolutionConfigurationPlatforms) = preSolution
		Debug|Any CPU = Debug|Any CPU
		Release|Any CPU = Release|Any CPU
	EndGlobalSection
	GlobalSection(ProjectConfigurationPlatforms) = postSolution
		{C5187CF5-EA33-9DF5-62EC-AF122CA431F9}.Debug|Any CPU.ActiveCfg = Debug|Any CPU
		{C5187CF5-EA33-9DF5-62EC-AF122CA431F9}.Debug|Any CPU.Build.0 = Debug|Any CPU
		{C5187CF5-EA33-9DF5-62EC-AF122CA431F9}.Release|Any CPU.ActiveCfg = Release|Any CPU
		{C5187CF5-EA33-9DF5-62EC-AF122CA431F9}.Release|Any CPU.Build.0 = Release|Any CPU
	EndGlobalSection
	GlobalSection(SolutionProperties) = preSolution
		HideSolutionNode = FALSE
	EndGlobalSection
	GlobalSection(ExtensibilityGlobals) = postSolution
		SolutionGuid = {992E62FE-F495-43E9-A702-3B58173C8A92}
	EndGlobalSection
EndGlobal
